
Microsoft Visual Studio Solution File, Format Version 12.00
# Visual Studio Version 17
VisualStudioVersion = 17.14.36310.24 d17.14
MinimumVisualStudioVersion = 10.0.40219.1
Project("{FAE04EC0-301F-11D3-BF4B-00C04F79EFBC}") = "HotelManagement", "HotelManagement.csproj", "{F6A39450-B5D2-4F6F-9CB6-E3413D6433F0}"
EndProject
Global
	GlobalSection(SolutionConfigurationPlatforms) = preSolution
		Debug|Any CPU = Debug|Any CPU
		Release|Any CPU = Release|Any CPU
	EndGlobalSection
	GlobalSection(ProjectConfigurationPlatforms) = postSolution
		{F6A39450-B5D2-4F6F-9CB6-E3413D6433F0}.Debug|Any CPU.ActiveCfg = Debug|Any CPU
		{F6A39450-B5D2-4F6F-9CB6-E3413D6433F0}.Debug|Any CPU.Build.0 = Debug|Any CPU
		{F6A39450-B5D2-4F6F-9CB6-E3413D6433F0}.Release|Any CPU.ActiveCfg = Release|Any CPU
		{F6A39450-B5D2-4F6F-9CB6-E3413D6433F0}.Release|Any CPU.Build.0 = Release|Any CPU
	EndGlobalSection
	GlobalSection(SolutionProperties) = preSolution
		HideSolutionNode = FALSE
	EndGlobalSection
	GlobalSection(ExtensibilityGlobals) = postSolution
		SolutionGuid = {BA28E7B0-80B7-4954-BFD5-D00444E9B863}
	EndGlobalSection
EndGlobal
