
Microsoft Visual Studio Solution File, Format Version 12.00
# Visual Studio Version 17
VisualStudioVersion = 17.14.36408.4 d17.14
MinimumVisualStudioVersion = 10.0.40219.1
Project("{FAE04EC0-301F-11D3-BF4B-00C04F79EFBC}") = "HotelApi", "HotelApi.csproj", "{CA390F4D-04F5-428E-A7CB-FA2CDC8CC027}"
EndProject
Global
	GlobalSection(SolutionConfigurationPlatforms) = preSolution
		Debug|Any CPU = Debug|Any CPU
		Release|Any CPU = Release|Any CPU
	EndGlobalSection
	GlobalSection(ProjectConfigurationPlatforms) = postSolution
		{CA390F4D-04F5-428E-A7CB-FA2CDC8CC027}.Debug|Any CPU.ActiveCfg = Debug|Any CPU
		{CA390F4D-04F5-428E-A7CB-FA2CDC8CC027}.Debug|Any CPU.Build.0 = Debug|Any CPU
		{CA390F4D-04F5-428E-A7CB-FA2CDC8CC027}.Release|Any CPU.ActiveCfg = Release|Any CPU
		{CA390F4D-04F5-428E-A7CB-FA2CDC8CC027}.Release|Any CPU.Build.0 = Release|Any CPU
	EndGlobalSection
	GlobalSection(SolutionProperties) = preSolution
		HideSolutionNode = FALSE
	EndGlobalSection
	GlobalSection(ExtensibilityGlobals) = postSolution
		SolutionGuid = {90A8C6B6-61E2-466B-9501-ED217F94653F}
	EndGlobalSection
EndGlobal
